{
  "name": "phaser",
  "version": "1.0.0",
  "lockfileVersion": 2,
  "requires": true,
  "packages": {
    "": {
      "name": "phaser",
      "version": "1.0.0",
      "license": "ISC",
      "dependencies": {
        "enable3d": "^0.24.1",
        "phaser": "^3.55.2"
      }
    },
    "node_modules/@enable3d/ammo-physics": {
      "version": "0.24.1",
      "resolved": "https://registry.npmjs.org/@enable3d/ammo-physics/-/ammo-physics-0.24.1.tgz",
      "integrity": "sha512-DypwnWPbhH3Qrd9rSFu+W/V+2w+bgI481/LcRARysYkBA4gsmzIGVLniRl3OGUuOI49n2GlOzf5SxOWHLQ7CqQ==",
      "dependencies": {
        "@enable3d/common": "^0.24.1",
        "@enable3d/three-wrapper": "^0.24.1",
        "@yandeu/events": "0.0.5"
      },
      "funding": {
        "url": "https://github.com/sponsors/yandeu"
      },
      "peerDependencies": {
        "@types/three": "~0.133.1",
        "three": "~0.133.1"
      }
    },
    "node_modules/@enable3d/common": {
      "version": "0.24.1",
      "resolved": "https://registry.npmjs.org/@enable3d/common/-/common-0.24.1.tgz",
      "integrity": "sha512-RawWoaiui+uQDG5+b0kgXH9krmK4OUKa2/qj1vEEAmkV9NnMZRhu2hMc2mNEpcnIAK6NKZSLKsHZ2i5wOUQCDQ==",
      "dependencies": {
        "@enable3d/three-wrapper": "^0.24.1",
        "@yandeu/events": "0.0.5"
      },
      "funding": {
        "url": "https://github.com/sponsors/yandeu"
      }
    },
    "node_modules/@enable3d/three-graphics": {
      "version": "0.24.1",
      "resolved": "https://registry.npmjs.org/@enable3d/three-graphics/-/three-graphics-0.24.1.tgz",
      "integrity": "sha512-oiZj0nYWIGhV3wwOusSK2pVtSX6zqBlTd217hkQg1MoWPay9AdMv8kaF3E1ElNmd18cOZN9CwyOHQn8TYc5Z/A==",
      "dependencies": {
        "@enable3d/ammo-physics": "^0.24.1",
        "@enable3d/common": "^0.24.1",
        "@enable3d/three-wrapper": "^0.24.1",
        "@yandeu/events": "0.0.5",
        "@yandeu/tap": "0.0.3"
      },
      "funding": {
        "url": "https://github.com/sponsors/yandeu"
      },
      "peerDependencies": {
        "@types/matter-js": "0.17.6",
        "@types/three": "~0.133.1",
        "matter-js": "0.17.1",
        "poly-decomp": "^0.3.0",
        "three": "~0.133.1"
      }
    },
    "node_modules/@enable3d/three-wrapper": {
      "version": "0.24.1",
      "resolved": "https://registry.npmjs.org/@enable3d/three-wrapper/-/three-wrapper-0.24.1.tgz",
      "integrity": "sha512-15jzS2Yy4/zYJq38kDbc6kk7f1IByk2M2qhSAzaRxoIGL9c1NJ+sWdxJa3mw9WHYz113YqGLF+myIP2SLHc8Ug==",
      "funding": {
        "url": "https://github.com/sponsors/yandeu"
      },
      "peerDependencies": {
        "@types/three": "~0.133.1",
        "three": "~0.133.1"
      }
    },
    "node_modules/@types/matter-js": {
      "version": "0.17.6",
      "resolved": "https://registry.npmjs.org/@types/matter-js/-/matter-js-0.17.6.tgz",
      "integrity": "sha512-i6WLNuM7/89SLqO2aOyaUkom9tc3B/qo4ekh7BD99xQ8+wOVVZO0F4RzKNYZCaFwr+xp3pK3oIb6sSVjLpz+pA==",
      "peer": true
    },
    "node_modules/@types/three": {
      "version": "0.133.1",
      "resolved": "https://registry.npmjs.org/@types/three/-/three-0.133.1.tgz",
      "integrity": "sha512-XqBrP/+kbs+o0CYRhCVVE95v7FaL2bO5Z7+3VQJE0nEyjo+9LoLfeNgZITOnndKHxM+7ltEciAIR7uE0SZlsOg==",
      "peer": true
    },
    "node_modules/@yandeu/events": {
      "version": "0.0.5",
      "resolved": "https://registry.npmjs.org/@yandeu/events/-/events-0.0.5.tgz",
      "integrity": "sha512-TUkghSGu0ThcEyAP50WHU/vdQkpt9EZyotjZzG8KirR+VI5o7Rp5wabcGru62JNy+awMR8Voy+kFzhNkC/1E6A==",
      "funding": {
        "url": "https://github.com/sponsors/yandeu"
      }
    },
    "node_modules/@yandeu/tap": {
      "version": "0.0.3",
      "resolved": "https://registry.npmjs.org/@yandeu/tap/-/tap-0.0.3.tgz",
      "integrity": "sha512-GIStEHmboHVbs6ghcRxkO5NVdZtRCsf1mkKI0gvzc21uj5qGlGSCD/Eaax98/c6Mu9+n2lkTYbTwuBbg2vzuQw==",
      "dependencies": {
        "@yandeu/events": "0.0.5"
      },
      "funding": {
        "url": "https://github.com/sponsors/yandeu"
      }
    },
    "node_modules/enable3d": {
      "version": "0.24.1",
      "resolved": "https://registry.npmjs.org/enable3d/-/enable3d-0.24.1.tgz",
      "integrity": "sha512-oaITTM39GqG0hxyejSzvi/eZnzWfUfPKE5jX/VfzzeGANkN/sJmlvpSvG+Y8FKiND8xTxjuEaxERyoJr+o90ag==",
      "dependencies": {
        "@enable3d/ammo-physics": "^0.24.1",
        "@enable3d/common": "^0.24.1",
        "@enable3d/three-graphics": "^0.24.1",
        "@enable3d/three-wrapper": "^0.24.1"
      },
      "funding": {
        "url": "https://github.com/sponsors/yandeu"
      }
    },
    "node_modules/eventemitter3": {
      "version": "4.0.7",
      "resolved": "https://registry.npmjs.org/eventemitter3/-/eventemitter3-4.0.7.tgz",
      "integrity": "sha512-8guHBZCwKnFhYdHr2ysuRWErTwhoN2X8XELRlrRwpmfeY2jjuUN4taQMsULKUVo1K4DvZl+0pgfyoysHxvmvEw=="
    },
    "node_modules/inherits": {
      "version": "2.0.3",
      "resolved": "https://registry.npmjs.org/inherits/-/inherits-2.0.3.tgz",
      "integrity": "sha1-Yzwsg+PaQqUC9SRmAiSA9CCCYd4="
    },
    "node_modules/matter-js": {
      "version": "0.17.1",
      "resolved": "https://registry.npmjs.org/matter-js/-/matter-js-0.17.1.tgz",
      "integrity": "sha512-pSquoENJgvSAlQGcA0s5UkmEohGXZaUww2g3B6qG87x0iEcVf+aigMXn5UkFPdnh6w3B+C4vXSLaYqhHwKrOLA==",
      "peer": true
    },
    "node_modules/path": {
      "version": "0.12.7",
      "resolved": "https://registry.npmjs.org/path/-/path-0.12.7.tgz",
      "integrity": "sha1-1NwqUGxM4hl+tIHr/NWzbAFAsQ8=",
      "dependencies": {
        "process": "^0.11.1",
        "util": "^0.10.3"
      }
    },
    "node_modules/phaser": {
      "version": "3.55.2",
      "resolved": "https://registry.npmjs.org/phaser/-/phaser-3.55.2.tgz",
      "integrity": "sha512-amKXsbb2Ht29dGPKvt1edq3yGGYKtq8373GpJYGKPNPnneYY6MtVTOgjHDuZwtmUyK4v86FugkT3hzW/N4tjxQ==",
      "dependencies": {
        "eventemitter3": "^4.0.7",
        "path": "^0.12.7"
      }
    },
    "node_modules/poly-decomp": {
      "version": "0.3.0",
      "resolved": "https://registry.npmjs.org/poly-decomp/-/poly-decomp-0.3.0.tgz",
      "integrity": "sha512-hWeBxGzPYiybmI4548Fca7Up/0k1qS5+79cVHI9+H33dKya5YNb9hxl0ZnDaDgvrZSuYFBhkCK/HOnqN7gefkQ==",
      "peer": true,
      "engines": {
        "node": "*"
      }
    },
    "node_modules/process": {
      "version": "0.11.10",
      "resolved": "https://registry.npmjs.org/process/-/process-0.11.10.tgz",
      "integrity": "sha1-czIwDoQBYb2j5podHZGn1LwW8YI=",
      "engines": {
        "node": ">= 0.6.0"
      }
    },
    "node_modules/three": {
      "version": "0.133.1",
      "resolved": "https://registry.npmjs.org/three/-/three-0.133.1.tgz",
      "integrity": "sha512-WydohO8ll949B0FTD6MGz59Yv2Lwj8hvObg/0Heh2r42S6+tQC1WByfCNRdmG4D7+odfGod+n8JPV1I2xrboWw==",
      "peer": true
    },
    "node_modules/util": {
      "version": "0.10.4",
      "resolved": "https://registry.npmjs.org/util/-/util-0.10.4.tgz",
      "integrity": "sha512-0Pm9hTQ3se5ll1XihRic3FDIku70C+iHUdT/W926rSgHV5QgXsYbKZN8MSC3tJtSkhuROzvsQjAaFENRXr+19A==",
      "dependencies": {
        "inherits": "2.0.3"
      }
    }
  },
  "dependencies": {
    "@enable3d/ammo-physics": {
      "version": "0.24.1",
      "resolved": "https://registry.npmjs.org/@enable3d/ammo-physics/-/ammo-physics-0.24.1.tgz",
      "integrity": "sha512-DypwnWPbhH3Qrd9rSFu+W/V+2w+bgI481/LcRARysYkBA4gsmzIGVLniRl3OGUuOI49n2GlOzf5SxOWHLQ7CqQ==",
      "requires": {
        "@enable3d/common": "^0.24.1",
        "@enable3d/three-wrapper": "^0.24.1",
        "@yandeu/events": "0.0.5"
      }
    },
    "@enable3d/common": {
      "version": "0.24.1",
      "resolved": "https://registry.npmjs.org/@enable3d/common/-/common-0.24.1.tgz",
      "integrity": "sha512-RawWoaiui+uQDG5+b0kgXH9krmK4OUKa2/qj1vEEAmkV9NnMZRhu2hMc2mNEpcnIAK6NKZSLKsHZ2i5wOUQCDQ==",
      "requires": {
        "@enable3d/three-wrapper": "^0.24.1",
        "@yandeu/events": "0.0.5"
      }
    },
    "@enable3d/three-graphics": {
      "version": "0.24.1",
      "resolved": "https://registry.npmjs.org/@enable3d/three-graphics/-/three-graphics-0.24.1.tgz",
      "integrity": "sha512-oiZj0nYWIGhV3wwOusSK2pVtSX6zqBlTd217hkQg1MoWPay9AdMv8kaF3E1ElNmd18cOZN9CwyOHQn8TYc5Z/A==",
      "requires": {
        "@enable3d/ammo-physics": "^0.24.1",
        "@enable3d/common": "^0.24.1",
        "@enable3d/three-wrapper": "^0.24.1",
        "@yandeu/events": "0.0.5",
        "@yandeu/tap": "0.0.3"
      }
    },
    "@enable3d/three-wrapper": {
      "version": "0.24.1",
      "resolved": "https://registry.npmjs.org/@enable3d/three-wrapper/-/three-wrapper-0.24.1.tgz",
      "integrity": "sha512-15jzS2Yy4/zYJq38kDbc6kk7f1IByk2M2qhSAzaRxoIGL9c1NJ+sWdxJa3mw9WHYz113YqGLF+myIP2SLHc8Ug==",
      "requires": {}
    },
    "@types/matter-js": {
      "version": "0.17.6",
      "resolved": "https://registry.npmjs.org/@types/matter-js/-/matter-js-0.17.6.tgz",
      "integrity": "sha512-i6WLNuM7/89SLqO2aOyaUkom9tc3B/qo4ekh7BD99xQ8+wOVVZO0F4RzKNYZCaFwr+xp3pK3oIb6sSVjLpz+pA==",
      "peer": true
    },
    "@types/three": {
      "version": "0.133.1",
      "resolved": "https://registry.npmjs.org/@types/three/-/three-0.133.1.tgz",
      "integrity": "sha512-XqBrP/+kbs+o0CYRhCVVE95v7FaL2bO5Z7+3VQJE0nEyjo+9LoLfeNgZITOnndKHxM+7ltEciAIR7uE0SZlsOg==",
      "peer": true
    },
    "@yandeu/events": {
      "version": "0.0.5",
      "resolved": "https://registry.npmjs.org/@yandeu/events/-/events-0.0.5.tgz",
      "integrity": "sha512-TUkghSGu0ThcEyAP50WHU/vdQkpt9EZyotjZzG8KirR+VI5o7Rp5wabcGru62JNy+awMR8Voy+kFzhNkC/1E6A=="
    },
    "@yandeu/tap": {
      "version": "0.0.3",
      "resolved": "https://registry.npmjs.org/@yandeu/tap/-/tap-0.0.3.tgz",
      "integrity": "sha512-GIStEHmboHVbs6ghcRxkO5NVdZtRCsf1mkKI0gvzc21uj5qGlGSCD/Eaax98/c6Mu9+n2lkTYbTwuBbg2vzuQw==",
      "requires": {
        "@yandeu/events": "0.0.5"
      }
    },
    "enable3d": {
      "version": "0.24.1",
      "resolved": "https://registry.npmjs.org/enable3d/-/enable3d-0.24.1.tgz",
      "integrity": "sha512-oaITTM39GqG0hxyejSzvi/eZnzWfUfPKE5jX/VfzzeGANkN/sJmlvpSvG+Y8FKiND8xTxjuEaxERyoJr+o90ag==",
      "requires": {
        "@enable3d/ammo-physics": "^0.24.1",
        "@enable3d/common": "^0.24.1",
        "@enable3d/three-graphics": "^0.24.1",
        "@enable3d/three-wrapper": "^0.24.1"
      }
    },
    "eventemitter3": {
      "version": "4.0.7",
      "resolved": "https://registry.npmjs.org/eventemitter3/-/eventemitter3-4.0.7.tgz",
      "integrity": "sha512-8guHBZCwKnFhYdHr2ysuRWErTwhoN2X8XELRlrRwpmfeY2jjuUN4taQMsULKUVo1K4DvZl+0pgfyoysHxvmvEw=="
    },
    "inherits": {
      "version": "2.0.3",
      "resolved": "https://registry.npmjs.org/inherits/-/inherits-2.0.3.tgz",
      "integrity": "sha1-Yzwsg+PaQqUC9SRmAiSA9CCCYd4="
    },
    "matter-js": {
      "version": "0.17.1",
      "resolved": "https://registry.npmjs.org/matter-js/-/matter-js-0.17.1.tgz",
      "integrity": "sha512-pSquoENJgvSAlQGcA0s5UkmEohGXZaUww2g3B6qG87x0iEcVf+aigMXn5UkFPdnh6w3B+C4vXSLaYqhHwKrOLA==",
      "peer": true
    },
    "path": {
      "version": "0.12.7",
      "resolved": "https://registry.npmjs.org/path/-/path-0.12.7.tgz",
      "integrity": "sha1-1NwqUGxM4hl+tIHr/NWzbAFAsQ8=",
      "requires": {
        "process": "^0.11.1",
        "util": "^0.10.3"
      }
    },
    "phaser": {
      "version": "3.55.2",
      "resolved": "https://registry.npmjs.org/phaser/-/phaser-3.55.2.tgz",
      "integrity": "sha512-amKXsbb2Ht29dGPKvt1edq3yGGYKtq8373GpJYGKPNPnneYY6MtVTOgjHDuZwtmUyK4v86FugkT3hzW/N4tjxQ==",
      "requires": {
        "eventemitter3": "^4.0.7",
        "path": "^0.12.7"
      }
    },
    "poly-decomp": {
      "version": "0.3.0",
      "resolved": "https://registry.npmjs.org/poly-decomp/-/poly-decomp-0.3.0.tgz",
      "integrity": "sha512-hWeBxGzPYiybmI4548Fca7Up/0k1qS5+79cVHI9+H33dKya5YNb9hxl0ZnDaDgvrZSuYFBhkCK/HOnqN7gefkQ==",
      "peer": true
    },
    "process": {
      "version": "0.11.10",
      "resolved": "https://registry.npmjs.org/process/-/process-0.11.10.tgz",
      "integrity": "sha1-czIwDoQBYb2j5podHZGn1LwW8YI="
    },
    "three": {
      "version": "0.133.1",
      "resolved": "https://registry.npmjs.org/three/-/three-0.133.1.tgz",
      "integrity": "sha512-WydohO8ll949B0FTD6MGz59Yv2Lwj8hvObg/0Heh2r42S6+tQC1WByfCNRdmG4D7+odfGod+n8JPV1I2xrboWw==",
      "peer": true
    },
    "util": {
      "version": "0.10.4",
      "resolved": "https://registry.npmjs.org/util/-/util-0.10.4.tgz",
      "integrity": "sha512-0Pm9hTQ3se5ll1XihRic3FDIku70C+iHUdT/W926rSgHV5QgXsYbKZN8MSC3tJtSkhuROzvsQjAaFENRXr+19A==",
      "requires": {
        "inherits": "2.0.3"
      }
    }
  }
}
